{
  "pins" : [
    {
      "identity" : "swifttheming",
      "kind" : "remoteSourceControl",
      "location" : "https://github.com/dscyrescotti/SwiftTheming.git",
      "state" : {
        "branch" : "main",
        "revision" : "65329145640a70d39b0b52072591bec880e9115a"
      }
    },
    {
      "identity" : "swiftuikitview",
      "kind" : "remoteSourceControl",
      "location" : "https://github.com/AvdLee/SwiftUIKitView",
      "state" : {
        "revision" : "296bf2ccb97efed44dea76622f4a10359ce22f6a",
        "version" : "1.0.3"
      }
    }
  ],
  "version" : 2
}
