{
  "pins" : [
    {
      "identity" : "dynamiccolor",
      "kind" : "remoteSourceControl",
      "location" : "https://github.com/yannickl/DynamicColor",
      "state" : {
        "revision" : "d9beca13ca85baa50ee29832d0db5129fba69630",
        "version" : "5.0.1"
      }
    },
    {
      "identity" : "swiftuikitview",
      "kind" : "remoteSourceControl",
      "location" : "https://github.com/AvdLee/SwiftUIKitView",
      "state" : {
        "revision" : "296bf2ccb97efed44dea76622f4a10359ce22f6a",
        "version" : "1.0.3"
      }
    }
  ],
  "version" : 2
}
